
Microsoft Visual Studio Solution File, Format Version 12.00
# Visual Studio Version 16
VisualStudioVersion = 16.0.31515.178
MinimumVisualStudioVersion = 10.0.40219.1
Project("{FAE04EC0-301F-11D3-BF4B-00C04F79EFBC}") = "DotNetCoreConsoleSingleton", "DotNetCoreConsoleSingleton.csproj", "{91237B75-9F60-4638-B3F5-186AB4AA1DCC}"
EndProject
Global
	GlobalSection(SolutionConfigurationPlatforms) = preSolution
		Debug|Any CPU = Debug|Any CPU
		Release|Any CPU = Release|Any CPU
	EndGlobalSection
	GlobalSection(ProjectConfigurationPlatforms) = postSolution
		{91237B75-9F60-4638-B3F5-186AB4AA1DCC}.Debug|Any CPU.ActiveCfg = Debug|Any CPU
		{91237B75-9F60-4638-B3F5-186AB4AA1DCC}.Debug|Any CPU.Build.0 = Debug|Any CPU
		{91237B75-9F60-4638-B3F5-186AB4AA1DCC}.Release|Any CPU.ActiveCfg = Release|Any CPU
		{91237B75-9F60-4638-B3F5-186AB4AA1DCC}.Release|Any CPU.Build.0 = Release|Any CPU
	EndGlobalSection
	GlobalSection(SolutionProperties) = preSolution
		HideSolutionNode = FALSE
	EndGlobalSection
	GlobalSection(ExtensibilityGlobals) = postSolution
		SolutionGuid = {F8045F54-7AFB-474C-AE58-6812BFEB10E0}
	EndGlobalSection
EndGlobal
